
Microsoft Visual Studio Solution File, Format Version 12.00
# Visual Studio Version 16
VisualStudioVersion = 16.0.30011.22
MinimumVisualStudioVersion = 10.0.40219.1
Project("{FAE04EC0-301F-11D3-BF4B-00C04F79EFBC}") = "lab6", "lab6.csproj", "{819EC052-F58D-455E-B34F-E735F6A1D0AF}"
EndProject
Project("{FAE04EC0-301F-11D3-BF4B-00C04F79EFBC}") = "test6", "..\test6\test6.csproj", "{13D3AD57-9D2B-4451-B454-099A3DC4DE44}"
EndProject
Global
	GlobalSection(SolutionConfigurationPlatforms) = preSolution
		Debug|Any CPU = Debug|Any CPU
		Release|Any CPU = Release|Any CPU
	EndGlobalSection
	GlobalSection(ProjectConfigurationPlatforms) = postSolution
		{819EC052-F58D-455E-B34F-E735F6A1D0AF}.Debug|Any CPU.ActiveCfg = Debug|Any CPU
		{819EC052-F58D-455E-B34F-E735F6A1D0AF}.Debug|Any CPU.Build.0 = Debug|Any CPU
		{819EC052-F58D-455E-B34F-E735F6A1D0AF}.Release|Any CPU.ActiveCfg = Release|Any CPU
		{819EC052-F58D-455E-B34F-E735F6A1D0AF}.Release|Any CPU.Build.0 = Release|Any CPU
		{13D3AD57-9D2B-4451-B454-099A3DC4DE44}.Debug|Any CPU.ActiveCfg = Debug|Any CPU
		{13D3AD57-9D2B-4451-B454-099A3DC4DE44}.Debug|Any CPU.Build.0 = Debug|Any CPU
		{13D3AD57-9D2B-4451-B454-099A3DC4DE44}.Release|Any CPU.ActiveCfg = Release|Any CPU
		{13D3AD57-9D2B-4451-B454-099A3DC4DE44}.Release|Any CPU.Build.0 = Release|Any CPU
	EndGlobalSection
	GlobalSection(SolutionProperties) = preSolution
		HideSolutionNode = FALSE
	EndGlobalSection
	GlobalSection(ExtensibilityGlobals) = postSolution
		SolutionGuid = {BAFBFE9D-DF61-4807-9E44-CA0E92FED036}
	EndGlobalSection
EndGlobal
